
Microsoft Visual Studio Solution File, Format Version 12.00
# Visual Studio 15
VisualStudioVersion = 15.0.28307.1082
MinimumVisualStudioVersion = 10.0.40219.1
Project("{F14B399A-7131-4C87-9E4B-1186C45EF12D}") = "AnotherReport", "AnotherReport\AnotherReport.rptproj", "{74D82815-DAE6-4470-A174-060E7B0B04A8}"
EndProject
Global
	GlobalSection(SolutionConfigurationPlatforms) = preSolution
		Debug|Default = Debug|Default
		DebugLocal|Default = DebugLocal|Default
		Release|Default = Release|Default
	EndGlobalSection
	GlobalSection(ProjectConfigurationPlatforms) = postSolution
		{74D82815-DAE6-4470-A174-060E7B0B04A8}.Debug|Default.ActiveCfg = Debug
		{74D82815-DAE6-4470-A174-060E7B0B04A8}.Debug|Default.Build.0 = Debug
		{74D82815-DAE6-4470-A174-060E7B0B04A8}.Debug|Default.Deploy.0 = Debug
		{74D82815-DAE6-4470-A174-060E7B0B04A8}.DebugLocal|Default.ActiveCfg = DebugLocal
		{74D82815-DAE6-4470-A174-060E7B0B04A8}.DebugLocal|Default.Build.0 = DebugLocal
		{74D82815-DAE6-4470-A174-060E7B0B04A8}.Release|Default.ActiveCfg = Release
		{74D82815-DAE6-4470-A174-060E7B0B04A8}.Release|Default.Build.0 = Release
		{74D82815-DAE6-4470-A174-060E7B0B04A8}.Release|Default.Deploy.0 = Release
	EndGlobalSection
	GlobalSection(SolutionProperties) = preSolution
		HideSolutionNode = FALSE
	EndGlobalSection
	GlobalSection(ExtensibilityGlobals) = postSolution
		SolutionGuid = {17E24B12-5989-47B4-BB91-1221D8D42990}
	EndGlobalSection
EndGlobal
